// !$*UTF8*$!
{
	archiveVersion = 1;
	classes = {
	};
	objectVersion = 46;
	objects = {

/* Begin PBXBuildFile section */
		714B7BD61CFE923900E24A66 /* main.m in Sources */ = {isa = PBXBuildFile; fileRef = 714B7BD51CFE923900E24A66 /* main.m */; };
		714B7BD91CFE923900E24A66 /* AppDelegate.m in Sources */ = {isa = PBXBuildFile; fileRef = 714B7BD81CFE923900E24A66 /* AppDelegate.m */; };
		714B7BDC1CFE923900E24A66 /* ViewController.m in Sources */ = {isa = PBXBuildFile; fileRef = 714B7BDB1CFE923900E24A66 /* ViewController.m */; };
		714B7BDF1CFE923900E24A66 /* Main.storyboard in Resources */ = {isa = PBXBuildFile; fileRef = 714B7BDD1CFE923900E24A66 /* Main.storyboard */; };
		714B7BE11CFE923900E24A66 /* Assets.xcassets in Resources */ = {isa = PBXBuildFile; fileRef = 714B7BE01CFE923900E24A66 /* Assets.xcassets */; };
		714B7BE41CFE923900E24A66 /* LaunchScreen.storyboard in Resources */ = {isa = PBXBuildFile; fileRef = 714B7BE21CFE923900E24A66 /* LaunchScreen.storyboard */; };
		714B7BEF1CFE923900E24A66 /* YYStarGradeTests.m in Sources */ = {isa = PBXBuildFile; fileRef = 714B7BEE1CFE923900E24A66 /* YYStarGradeTests.m */; };
		714B7BFA1CFE923900E24A66 /* YYStarGradeUITests.m in Sources */ = {isa = PBXBuildFile; fileRef = 714B7BF91CFE923900E24A66 /* YYStarGradeUITests.m */; };
		714B7C0A1CFE928400E24A66 /* YYStarView.m in Sources */ = {isa = PBXBuildFile; fileRef = 714B7C091CFE928400E24A66 /* YYStarView.m */; };
		714B7C0D1CFE93DA00E24A66 /* star_gray@2x.png in Resources */ = {isa = PBXBuildFile; fileRef = 714B7C0B1CFE93DA00E24A66 /* star_gray@2x.png */; };
		714B7C0E1CFE93DA00E24A66 /* star_yellow@2x.png in Resources */ = {isa = PBXBuildFile; fileRef = 714B7C0C1CFE93DA00E24A66 /* star_yellow@2x.png */; };
/* End PBXBuildFile section */

/* Begin PBXContainerItemProxy section */
		714B7BEB1CFE923900E24A66 /* PBXContainerItemProxy */ = {
			isa = PBXContainerItemProxy;
			containerPortal = 714B7BC91CFE923900E24A66 /* Project object */;
			proxyType = 1;
			remoteGlobalIDString = 714B7BD01CFE923900E24A66;
			remoteInfo = YYStarGrade;
		};
		714B7BF61CFE923900E24A66 /* PBXContainerItemProxy */ = {
			isa = PBXContainerItemProxy;
			containerPortal = 714B7BC91CFE923900E24A66 /* Project object */;
			proxyType = 1;
			remoteGlobalIDString = 714B7BD01CFE923900E24A66;
			remoteInfo = YYStarGrade;
		};
/* End PBXContainerItemProxy section */

/* Begin PBXFileReference section */
		714B7BD11CFE923900E24A66 /* YYStarGrade.app */ = {isa = PBXFileReference; explicitFileType = wrapper.application; includeInIndex = 0; path = YYStarGrade.app; sourceTree = BUILT_PRODUCTS_DIR; };
		714B7BD51CFE923900E24A66 /* main.m */ = {isa = PBXFileReference; lastKnownFileType = sourcecode.c.objc; path = main.m; sourceTree = "<group>"; };
		714B7BD71CFE923900E24A66 /* AppDelegate.h */ = {isa = PBXFileReference; lastKnownFileType = sourcecode.c.h; path = AppDelegate.h; sourceTree = "<group>"; };
		714B7BD81CFE923900E24A66 /* AppDelegate.m */ = {isa = PBXFileReference; lastKnownFileType = sourcecode.c.objc; path = AppDelegate.m; sourceTree = "<group>"; };
		714B7BDA1CFE923900E24A66 /* ViewController.h */ = {isa = PBXFileReference; lastKnownFileType = sourcecode.c.h; path = ViewController.h; sourceTree = "<group>"; };
		714B7BDB1CFE923900E24A66 /* ViewController.m */ = {isa = PBXFileReference; lastKnownFileType = sourcecode.c.objc; path = ViewController.m; sourceTree = "<group>"; };
		714B7BDE1CFE923900E24A66 /* Base */ = {isa = PBXFileReference; lastKnownFileType = file.storyboard; name = Base; path = Base.lproj/Main.storyboard; sourceTree = "<group>"; };
		714B7BE01CFE923900E24A66 /* Assets.xcassets */ = {isa = PBXFileReference; lastKnownFileType = folder.assetcatalog; path = Assets.xcassets; sourceTree = "<group>"; };
		714B7BE31CFE923900E24A66 /* Base */ = {isa = PBXFileReference; lastKnownFileType = file.storyboard; name = Base; path = Base.lproj/LaunchScreen.storyboard; sourceTree = "<group>"; };
		714B7BE51CFE923900E24A66 /* Info.plist */ = {isa = PBXFileReference; lastKnownFileType = text.plist.xml; path = Info.plist; sourceTree = "<group>"; };
		714B7BEA1CFE923900E24A66 /* YYStarGradeTests.xctest */ = {isa = PBXFileReference; explicitFileType = wrapper.cfbundle; includeInIndex = 0; path = YYStarGradeTests.xctest; sourceTree = BUILT_PRODUCTS_DIR; };
		714B7BEE1CFE923900E24A66 /* YYStarGradeTests.m */ = {isa = PBXFileReference; lastKnownFileType = sourcecode.c.objc; path = YYStarGradeTests.m; sourceTree = "<group>"; };
		714B7BF01CFE923900E24A66 /* Info.plist */ = {isa = PBXFileReference; lastKnownFileType = text.plist.xml; path = Info.plist; sourceTree = "<group>"; };
		714B7BF51CFE923900E24A66 /* YYStarGradeUITests.xctest */ = {isa = PBXFileReference; explicitFileType = wrapper.cfbundle; includeInIndex = 0; path = YYStarGradeUITests.xctest; sourceTree = BUILT_PRODUCTS_DIR; };
		714B7BF91CFE923900E24A66 /* YYStarGradeUITests.m */ = {isa = PBXFileReference; lastKnownFileType = sourcecode.c.objc; path = YYStarGradeUITests.m; sourceTree = "<group>"; };
		714B7BFB1CFE923900E24A66 /* Info.plist */ = {isa = PBXFileReference; lastKnownFileType = text.plist.xml; path = Info.plist; sourceTree = "<group>"; };
		714B7C081CFE928400E24A66 /* YYStarView.h */ = {isa = PBXFileReference; fileEncoding = 4; lastKnownFileType = sourcecode.c.h; path = YYStarView.h; sourceTree = "<group>"; };
		714B7C091CFE928400E24A66 /* YYStarView.m */ = {isa = PBXFileReference; fileEncoding = 4; lastKnownFileType = sourcecode.c.objc; path = YYStarView.m; sourceTree = "<group>"; };
		714B7C0B1CFE93DA00E24A66 /* star_gray@2x.png */ = {isa = PBXFileReference; lastKnownFileType = image.png; path = "star_gray@2x.png"; sourceTree = "<group>"; };
		714B7C0C1CFE93DA00E24A66 /* star_yellow@2x.png */ = {isa = PBXFileReference; lastKnownFileType = image.png; path = "star_yellow@2x.png"; sourceTree = "<group>"; };
/* End PBXFileReference section */

/* Begin PBXFrameworksBuildPhase section */
		714B7BCE1CFE923900E24A66 /* Frameworks */ = {
			isa = PBXFrameworksBuildPhase;
			buildActionMask = 2147483647;
			files = (
			);
			runOnlyForDeploymentPostprocessing = 0;
		};
		714B7BE71CFE923900E24A66 /* Frameworks */ = {
			isa = PBXFrameworksBuildPhase;
			buildActionMask = 2147483647;
			files = (
			);
			runOnlyForDeploymentPostprocessing = 0;
		};
		714B7BF21CFE923900E24A66 /* Frameworks */ = {
			isa = PBXFrameworksBuildPhase;
			buildActionMask = 2147483647;
			files = (
			);
			runOnlyForDeploymentPostprocessing = 0;
		};
/* End PBXFrameworksBuildPhase section */

/* Begin PBXGroup section */
		714B7BC81CFE923900E24A66 = {
			isa = PBXGroup;
			children = (
				714B7BD31CFE923900E24A66 /* YYStarGrade */,
				714B7BED1CFE923900E24A66 /* YYStarGradeTests */,
				714B7BF81CFE923900E24A66 /* YYStarGradeUITests */,
				714B7BD21CFE923900E24A66 /* Products */,
			);
			sourceTree = "<group>";
		};
		714B7BD21CFE923900E24A66 /* Products */ = {
			isa = PBXGroup;
			children = (
				714B7BD11CFE923900E24A66 /* YYStarGrade.app */,
				714B7BEA1CFE923900E24A66 /* YYStarGradeTests.xctest */,
				714B7BF51CFE923900E24A66 /* YYStarGradeUITests.xctest */,
			);
			name = Products;
			sourceTree = "<group>";
		};
		714B7BD31CFE923900E24A66 /* YYStarGrade */ = {
			isa = PBXGroup;
			children = (
				714B7C071CFE926B00E24A66 /* YYStarView */,
				714B7BD71CFE923900E24A66 /* AppDelegate.h */,
				714B7BD81CFE923900E24A66 /* AppDelegate.m */,
				714B7BDA1CFE923900E24A66 /* ViewController.h */,
				714B7BDB1CFE923900E24A66 /* ViewController.m */,
				714B7BDD1CFE923900E24A66 /* Main.storyboard */,
				714B7BE01CFE923900E24A66 /* Assets.xcassets */,
				714B7BE21CFE923900E24A66 /* LaunchScreen.storyboard */,
				714B7BE51CFE923900E24A66 /* Info.plist */,
				714B7BD41CFE923900E24A66 /* Supporting Files */,
			);
			path = YYStarGrade;
			sourceTree = "<group>";
		};
		714B7BD41CFE923900E24A66 /* Supporting Files */ = {
			isa = PBXGroup;
			children = (
				714B7BD51CFE923900E24A66 /* main.m */,
			);
			name = "Supporting Files";
			sourceTree = "<group>";
		};
		714B7BED1CFE923900E24A66 /* YYStarGradeTests */ = {
			isa = PBXGroup;
			children = (
				714B7BEE1CFE923900E24A66 /* YYStarGradeTests.m */,
				714B7BF01CFE923900E24A66 /* Info.plist */,
			);
			path = YYStarGradeTests;
			sourceTree = "<group>";
		};
		714B7BF81CFE923900E24A66 /* YYStarGradeUITests */ = {
			isa = PBXGroup;
			children = (
				714B7BF91CFE923900E24A66 /* YYStarGradeUITests.m */,
				714B7BFB1CFE923900E24A66 /* Info.plist */,
			);
			path = YYStarGradeUITests;
			sourceTree = "<group>";
		};
		714B7C071CFE926B00E24A66 /* YYStarView */ = {
			isa = PBXGroup;
			children = (
				714B7C081CFE928400E24A66 /* YYStarView.h */,
				714B7C091CFE928400E24A66 /* YYStarView.m */,
				714B7C0B1CFE93DA00E24A66 /* star_gray@2x.png */,
				714B7C0C1CFE93DA00E24A66 /* star_yellow@2x.png */,
			);
			path = YYStarView;
			sourceTree = "<group>";
		};
/* End PBXGroup section */

/* Begin PBXNativeTarget section */
		714B7BD01CFE923900E24A66 /* YYStarGrade */ = {
			isa = PBXNativeTarget;
			buildConfigurationList = 714B7BFE1CFE923900E24A66 /* Build configuration list for PBXNativeTarget "YYStarGrade" */;
			buildPhases = (
				714B7BCD1CFE923900E24A66 /* Sources */,
				714B7BCE1CFE923900E24A66 /* Frameworks */,
				714B7BCF1CFE923900E24A66 /* Resources */,
			);
			buildRules = (
			);
			dependencies = (
			);
			name = YYStarGrade;
			productName = YYStarGrade;
			productReference = 714B7BD11CFE923900E24A66 /* YYStarGrade.app */;
			productType = "com.apple.product-type.application";
		};
		714B7BE91CFE923900E24A66 /* YYStarGradeTests */ = {
			isa = PBXNativeTarget;
			buildConfigurationList = 714B7C011CFE923900E24A66 /* Build configuration list for PBXNativeTarget "YYStarGradeTests" */;
			buildPhases = (
				714B7BE61CFE923900E24A66 /* Sources */,
				714B7BE71CFE923900E24A66 /* Frameworks */,
				714B7BE81CFE923900E24A66 /* Resources */,
			);
			buildRules = (
			);
			dependencies = (
				714B7BEC1CFE923900E24A66 /* PBXTargetDependency */,
			);
			name = YYStarGradeTests;
			productName = YYStarGradeTests;
			productReference = 714B7BEA1CFE923900E24A66 /* YYStarGradeTests.xctest */;
			productType = "com.apple.product-type.bundle.unit-test";
		};
		714B7BF41CFE923900E24A66 /* YYStarGradeUITests */ = {
			isa = PBXNativeTarget;
			buildConfigurationList = 714B7C041CFE923900E24A66 /* Build configuration list for PBXNativeTarget "YYStarGradeUITests" */;
			buildPhases = (
				714B7BF11CFE923900E24A66 /* Sources */,
				714B7BF21CFE923900E24A66 /* Frameworks */,
				714B7BF31CFE923900E24A66 /* Resources */,
			);
			buildRules = (
			);
			dependencies = (
				714B7BF71CFE923900E24A66 /* PBXTargetDependency */,
			);
			name = YYStarGradeUITests;
			productName = YYStarGradeUITests;
			productReference = 714B7BF51CFE923900E24A66 /* YYStarGradeUITests.xctest */;
			productType = "com.apple.product-type.bundle.ui-testing";
		};
/* End PBXNativeTarget section */

/* Begin PBXProject section */
		714B7BC91CFE923900E24A66 /* Project object */ = {
			isa = PBXProject;
			attributes = {
				LastUpgradeCheck = 0720;
				ORGANIZATIONNAME = YY;
				TargetAttributes = {
					714B7BD01CFE923900E24A66 = {
						CreatedOnToolsVersion = 7.2;
					};
					714B7BE91CFE923900E24A66 = {
						CreatedOnToolsVersion = 7.2;
						TestTargetID = 714B7BD01CFE923900E24A66;
					};
					714B7BF41CFE923900E24A66 = {
						CreatedOnToolsVersion = 7.2;
						TestTargetID = 714B7BD01CFE923900E24A66;
					};
				};
			};
			buildConfigurationList = 714B7BCC1CFE923900E24A66 /* Build configuration list for PBXProject "YYStarGrade" */;
			compatibilityVersion = "Xcode 3.2";
			developmentRegion = English;
			hasScannedForEncodings = 0;
			knownRegions = (
				en,
				Base,
			);
			mainGroup = 714B7BC81CFE923900E24A66;
			productRefGroup = 714B7BD21CFE923900E24A66 /* Products */;
			projectDirPath = "";
			projectRoot = "";
			targets = (
				714B7BD01CFE923900E24A66 /* YYStarGrade */,
				714B7BE91CFE923900E24A66 /* YYStarGradeTests */,
				714B7BF41CFE923900E24A66 /* YYStarGradeUITests */,
			);
		};
/* End PBXProject section */

/* Begin PBXResourcesBuildPhase section */
		714B7BCF1CFE923900E24A66 /* Resources */ = {
			isa = PBXResourcesBuildPhase;
			buildActionMask = 2147483647;
			files = (
				714B7C0D1CFE93DA00E24A66 /* star_gray@2x.png in Resources */,
				714B7C0E1CFE93DA00E24A66 /* star_yellow@2x.png in Resources */,
				714B7BE41CFE923900E24A66 /* LaunchScreen.storyboard in Resources */,
				714B7BE11CFE923900E24A66 /* Assets.xcassets in Resources */,
				714B7BDF1CFE923900E24A66 /* Main.storyboard in Resources */,
			);
			runOnlyForDeploymentPostprocessing = 0;
		};
		714B7BE81CFE923900E24A66 /* Resources */ = {
			isa = PBXResourcesBuildPhase;
			buildActionMask = 2147483647;
			files = (
			);
			runOnlyForDeploymentPostprocessing = 0;
		};
		714B7BF31CFE923900E24A66 /* Resources */ = {
			isa = PBXResourcesBuildPhase;
			buildActionMask = 2147483647;
			files = (
			);
			runOnlyForDeploymentPostprocessing = 0;
		};
/* End PBXResourcesBuildPhase section */

/* Begin PBXSourcesBuildPhase section */
		714B7BCD1CFE923900E24A66 /* Sources */ = {
			isa = PBXSourcesBuildPhase;
			buildActionMask = 2147483647;
			files = (
				714B7BDC1CFE923900E24A66 /* ViewController.m in Sources */,
				714B7BD91CFE923900E24A66 /* AppDelegate.m in Sources */,
				714B7C0A1CFE928400E24A66 /* YYStarView.m in Sources */,
				714B7BD61CFE923900E24A66 /* main.m in Sources */,
			);
			runOnlyForDeploymentPostprocessing = 0;
		};
		714B7BE61CFE923900E24A66 /* Sources */ = {
			isa = PBXSourcesBuildPhase;
			buildActionMask = 2147483647;
			files = (
				714B7BEF1CFE923900E24A66 /* YYStarGradeTests.m in Sources */,
			);
			runOnlyForDeploymentPostprocessing = 0;
		};
		714B7BF11CFE923900E24A66 /* Sources */ = {
			isa = PBXSourcesBuildPhase;
			buildActionMask = 2147483647;
			files = (
				714B7BFA1CFE923900E24A66 /* YYStarGradeUITests.m in Sources */,
			);
			runOnlyForDeploymentPostprocessing = 0;
		};
/* End PBXSourcesBuildPhase section */

/* Begin PBXTargetDependency section */
		714B7BEC1CFE923900E24A66 /* PBXTargetDependency */ = {
			isa = PBXTargetDependency;
			target = 714B7BD01CFE923900E24A66 /* YYStarGrade */;
			targetProxy = 714B7BEB1CFE923900E24A66 /* PBXContainerItemProxy */;
		};
		714B7BF71CFE923900E24A66 /* PBXTargetDependency */ = {
			isa = PBXTargetDependency;
			target = 714B7BD01CFE923900E24A66 /* YYStarGrade */;
			targetProxy = 714B7BF61CFE923900E24A66 /* PBXContainerItemProxy */;
		};
/* End PBXTargetDependency section */

/* Begin PBXVariantGroup section */
		714B7BDD1CFE923900E24A66 /* Main.storyboard */ = {
			isa = PBXVariantGroup;
			children = (
				714B7BDE1CFE923900E24A66 /* Base */,
			);
			name = Main.storyboard;
			sourceTree = "<group>";
		};
		714B7BE21CFE923900E24A66 /* LaunchScreen.storyboard */ = {
			isa = PBXVariantGroup;
			children = (
				714B7BE31CFE923900E24A66 /* Base */,
			);
			name = LaunchScreen.storyboard;
			sourceTree = "<group>";
		};
/* End PBXVariantGroup section */

/* Begin XCBuildConfiguration section */
		714B7BFC1CFE923900E24A66 /* Debug */ = {
			isa = XCBuildConfiguration;
			buildSettings = {
				ALWAYS_SEARCH_USER_PATHS = NO;
				CLANG_CXX_LANGUAGE_STANDARD = "gnu++0x";
				CLANG_CXX_LIBRARY = "libc++";
				CLANG_ENABLE_MODULES = YES;
				CLANG_ENABLE_OBJC_ARC = YES;
				CLANG_WARN_BOOL_CONVERSION = YES;
				CLANG_WARN_CONSTANT_CONVERSION = YES;
				CLANG_WARN_DIRECT_OBJC_ISA_USAGE = YES_ERROR;
				CLANG_WARN_EMPTY_BODY = YES;
				CLANG_WARN_ENUM_CONVERSION = YES;
				CLANG_WARN_INT_CONVERSION = YES;
				CLANG_WARN_OBJC_ROOT_CLASS = YES_ERROR;
				CLANG_WARN_UNREACHABLE_CODE = YES;
				CLANG_WARN__DUPLICATE_METHOD_MATCH = YES;
				"CODE_SIGN_IDENTITY[sdk=iphoneos*]" = "iPhone Developer";
				COPY_PHASE_STRIP = NO;
				DEBUG_INFORMATION_FORMAT = dwarf;
				ENABLE_STRICT_OBJC_MSGSEND = YES;
				ENABLE_TESTABILITY = YES;
				GCC_C_LANGUAGE_STANDARD = gnu99;
				GCC_DYNAMIC_NO_PIC = NO;
				GCC_NO_COMMON_BLOCKS = YES;
				GCC_OPTIMIZATION_LEVEL = 0;
				GCC_PREPROCESSOR_DEFINITIONS = (
					"DEBUG=1",
					"$(inherited)",
				);
				GCC_WARN_64_TO_32_BIT_CONVERSION = YES;
				GCC_WARN_ABOUT_RETURN_TYPE = YES_ERROR;
				GCC_WARN_UNDECLARED_SELECTOR = YES;
				GCC_WARN_UNINITIALIZED_AUTOS = YES_AGGRESSIVE;
				GCC_WARN_UNUSED_FUNCTION = YES;
				GCC_WARN_UNUSED_VARIABLE = YES;
				IPHONEOS_DEPLOYMENT_TARGET = 9.2;
				MTL_ENABLE_DEBUG_INFO = YES;
				ONLY_ACTIVE_ARCH = YES;
				SDKROOT = iphoneos;
				TARGETED_DEVICE_FAMILY = "1,2";
			};
			name = Debug;
		};
		714B7BFD1CFE923900E24A66 /* Release */ = {
			isa = XCBuildConfiguration;
			buildSettings = {
				ALWAYS_SEARCH_USER_PATHS = NO;
				CLANG_CXX_LANGUAGE_STANDARD = "gnu++0x";
				CLANG_CXX_LIBRARY = "libc++";
				CLANG_ENABLE_MODULES = YES;
				CLANG_ENABLE_OBJC_ARC = YES;
				CLANG_WARN_BOOL_CONVERSION = YES;
				CLANG_WARN_CONSTANT_CONVERSION = YES;
				CLANG_WARN_DIRECT_OBJC_ISA_USAGE = YES_ERROR;
				CLANG_WARN_EMPTY_BODY = YES;
				CLANG_WARN_ENUM_CONVERSION = YES;
				CLANG_WARN_INT_CONVERSION = YES;
				CLANG_WARN_OBJC_ROOT_CLASS = YES_ERROR;
				CLANG_WARN_UNREACHABLE_CODE = YES;
				CLANG_WARN__DUPLICATE_METHOD_MATCH = YES;
				"CODE_SIGN_IDENTITY[sdk=iphoneos*]" = "iPhone Developer";
				COPY_PHASE_STRIP = NO;
				DEBUG_INFORMATION_FORMAT = "dwarf-with-dsym";
				ENABLE_NS_ASSERTIONS = NO;
				ENABLE_STRICT_OBJC_MSGSEND = YES;
				GCC_C_LANGUAGE_STANDARD = gnu99;
				GCC_NO_COMMON_BLOCKS = YES;
				GCC_WARN_64_TO_32_BIT_CONVERSION = YES;
				GCC_WARN_ABOUT_RETURN_TYPE = YES_ERROR;
				GCC_WARN_UNDECLARED_SELECTOR = YES;
				GCC_WARN_UNINITIALIZED_AUTOS = YES_AGGRESSIVE;
				GCC_WARN_UNUSED_FUNCTION = YES;
				GCC_WARN_UNUSED_VARIABLE = YES;
				IPHONEOS_DEPLOYMENT_TARGET = 9.2;
				MTL_ENABLE_DEBUG_INFO = NO;
				SDKROOT = iphoneos;
				TARGETED_DEVICE_FAMILY = "1,2";
				VALIDATE_PRODUCT = YES;
			};
			name = Release;
		};
		714B7BFF1CFE923900E24A66 /* Debug */ = {
			isa = XCBuildConfiguration;
			buildSettings = {
				ASSETCATALOG_COMPILER_APPICON_NAME = AppIcon;
				INFOPLIST_FILE = YYStarGrade/Info.plist;
				IPHONEOS_DEPLOYMENT_TARGET = 7.0;
				LD_RUNPATH_SEARCH_PATHS = "$(inherited) @executable_path/Frameworks";
				PRODUCT_BUNDLE_IDENTIFIER = com.yangyang.YYStarGrade;
				PRODUCT_NAME = "$(TARGET_NAME)";
			};
			name = Debug;
		};
		714B7C001CFE923900E24A66 /* Release */ = {
			isa = XCBuildConfiguration;
			buildSettings = {
				ASSETCATALOG_COMPILER_APPICON_NAME = AppIcon;
				INFOPLIST_FILE = YYStarGrade/Info.plist;
				IPHONEOS_DEPLOYMENT_TARGET = 7.0;
				LD_RUNPATH_SEARCH_PATHS = "$(inherited) @executable_path/Frameworks";
				PRODUCT_BUNDLE_IDENTIFIER = com.yangyang.YYStarGrade;
				PRODUCT_NAME = "$(TARGET_NAME)";
			};
			name = Release;
		};
		714B7C021CFE923900E24A66 /* Debug */ = {
			isa = XCBuildConfiguration;
			buildSettings = {
				BUNDLE_LOADER = "$(TEST_HOST)";
				INFOPLIST_FILE = YYStarGradeTests/Info.plist;
				LD_RUNPATH_SEARCH_PATHS = "$(inherited) @executable_path/Frameworks @loader_path/Frameworks";
				PRODUCT_BUNDLE_IDENTIFIER = com.yangyang.YYStarGradeTests;
				PRODUCT_NAME = "$(TARGET_NAME)";
				TEST_HOST = "$(BUILT_PRODUCTS_DIR)/YYStarGrade.app/YYStarGrade";
			};
			name = Debug;
		};
		714B7C031CFE923900E24A66 /* Release */ = {
			isa = XCBuildConfiguration;
			buildSettings = {
				BUNDLE_LOADER = "$(TEST_HOST)";
				INFOPLIST_FILE = YYStarGradeTests/Info.plist;
				LD_RUNPATH_SEARCH_PATHS = "$(inherited) @executable_path/Frameworks @loader_path/Frameworks";
				PRODUCT_BUNDLE_IDENTIFIER = com.yangyang.YYStarGradeTests;
				PRODUCT_NAME = "$(TARGET_NAME)";
				TEST_HOST = "$(BUILT_PRODUCTS_DIR)/YYStarGrade.app/YYStarGrade";
			};
			name = Release;
		};
		714B7C051CFE923900E24A66 /* Debug */ = {
			isa = XCBuildConfiguration;
			buildSettings = {
				INFOPLIST_FILE = YYStarGradeUITests/Info.plist;
				LD_RUNPATH_SEARCH_PATHS = "$(inherited) @executable_path/Frameworks @loader_path/Frameworks";
				PRODUCT_BUNDLE_IDENTIFIER = com.yangyang.YYStarGradeUITests;
				PRODUCT_NAME = "$(TARGET_NAME)";
				TEST_TARGET_NAME = YYStarGrade;
				USES_XCTRUNNER = YES;
			};
			name = Debug;
		};
		714B7C061CFE923900E24A66 /* Release */ = {
			isa = XCBuildConfiguration;
			buildSettings = {
				INFOPLIST_FILE = YYStarGradeUITests/Info.plist;
				LD_RUNPATH_SEARCH_PATHS = "$(inherited) @executable_path/Frameworks @loader_path/Frameworks";
				PRODUCT_BUNDLE_IDENTIFIER = com.yangyang.YYStarGradeUITests;
				PRODUCT_NAME = "$(TARGET_NAME)";
				TEST_TARGET_NAME = YYStarGrade;
				USES_XCTRUNNER = YES;
			};
			name = Release;
		};
/* End XCBuildConfiguration section */

/* Begin XCConfigurationList section */
		714B7BCC1CFE923900E24A66 /* Build configuration list for PBXProject "YYStarGrade" */ = {
			isa = XCConfigurationList;
			buildConfigurations = (
				714B7BFC1CFE923900E24A66 /* Debug */,
				714B7BFD1CFE923900E24A66 /* Release */,
			);
			defaultConfigurationIsVisible = 0;
			defaultConfigurationName = Release;
		};
		714B7BFE1CFE923900E24A66 /* Build configuration list for PBXNativeTarget "YYStarGrade" */ = {
			isa = XCConfigurationList;
			buildConfigurations = (
				714B7BFF1CFE923900E24A66 /* Debug */,
				714B7C001CFE923900E24A66 /* Release */,
			);
			defaultConfigurationIsVisible = 0;
		};
		714B7C011CFE923900E24A66 /* Build configuration list for PBXNativeTarget "YYStarGradeTests" */ = {
			isa = XCConfigurationList;
			buildConfigurations = (
				714B7C021CFE923900E24A66 /* Debug */,
				714B7C031CFE923900E24A66 /* Release */,
			);
			defaultConfigurationIsVisible = 0;
		};
		714B7C041CFE923900E24A66 /* Build configuration list for PBXNativeTarget "YYStarGradeUITests" */ = {
			isa = XCConfigurationList;
			buildConfigurations = (
				714B7C051CFE923900E24A66 /* Debug */,
				714B7C061CFE923900E24A66 /* Release */,
			);
			defaultConfigurationIsVisible = 0;
		};
/* End XCConfigurationList section */
	};
	rootObject = 714B7BC91CFE923900E24A66 /* Project object */;
}
